
Microsoft Visual Studio Solution File, Format Version 12.00
# Visual Studio 15
VisualStudioVersion = 15.0.28307.1022
MinimumVisualStudioVersion = 10.0.40219.1
Project("{9A19103F-16F7-4668-BE54-9A1E7A4F7556}") = "SkillManagement.API", "SkillManagement.API\SkillManagement.API.csproj", "{464AC361-D051-4D3D-A95B-065C7F7F5819}"
EndProject
Project("{9A19103F-16F7-4668-BE54-9A1E7A4F7556}") = "LoggingService", "LoggingService\LoggingService.csproj", "{C05A1909-EE51-4D1A-8BC1-EA2E8A2D832E}"
EndProject
Project("{FAE04EC0-301F-11D3-BF4B-00C04F79EFBC}") = "SkillManagement.API.Tests", "SkillManagement.API.Tests\SkillManagement.API.Tests.csproj", "{5D9336CA-9509-4751-B965-1E664240B7FE}"
EndProject
Global
	GlobalSection(SolutionConfigurationPlatforms) = preSolution
		Debug|Any CPU = Debug|Any CPU
		Release|Any CPU = Release|Any CPU
	EndGlobalSection
	GlobalSection(ProjectConfigurationPlatforms) = postSolution
		{464AC361-D051-4D3D-A95B-065C7F7F5819}.Debug|Any CPU.ActiveCfg = Debug|Any CPU
		{464AC361-D051-4D3D-A95B-065C7F7F5819}.Debug|Any CPU.Build.0 = Debug|Any CPU
		{464AC361-D051-4D3D-A95B-065C7F7F5819}.Release|Any CPU.ActiveCfg = Release|Any CPU
		{464AC361-D051-4D3D-A95B-065C7F7F5819}.Release|Any CPU.Build.0 = Release|Any CPU
		{C05A1909-EE51-4D1A-8BC1-EA2E8A2D832E}.Debug|Any CPU.ActiveCfg = Debug|Any CPU
		{C05A1909-EE51-4D1A-8BC1-EA2E8A2D832E}.Debug|Any CPU.Build.0 = Debug|Any CPU
		{C05A1909-EE51-4D1A-8BC1-EA2E8A2D832E}.Release|Any CPU.ActiveCfg = Release|Any CPU
		{C05A1909-EE51-4D1A-8BC1-EA2E8A2D832E}.Release|Any CPU.Build.0 = Release|Any CPU
		{5D9336CA-9509-4751-B965-1E664240B7FE}.Debug|Any CPU.ActiveCfg = Debug|Any CPU
		{5D9336CA-9509-4751-B965-1E664240B7FE}.Debug|Any CPU.Build.0 = Debug|Any CPU
		{5D9336CA-9509-4751-B965-1E664240B7FE}.Release|Any CPU.ActiveCfg = Release|Any CPU
		{5D9336CA-9509-4751-B965-1E664240B7FE}.Release|Any CPU.Build.0 = Release|Any CPU
	EndGlobalSection
	GlobalSection(SolutionProperties) = preSolution
		HideSolutionNode = FALSE
	EndGlobalSection
	GlobalSection(ExtensibilityGlobals) = postSolution
		SolutionGuid = {7D9E94C0-1D09-473E-9856-85984019A98F}
	EndGlobalSection
EndGlobal
